// !$*UTF8*$!
{
	archiveVersion = 1;
	classes = {
	};
	objectVersion = 50;
	objects = {

/* Begin PBXBuildFile section */
		31ED37A823F7E3DF008144D8 /* AppDelegate.swift in Sources */ = {isa = PBXBuildFile; fileRef = 31ED37A723F7E3DF008144D8 /* AppDelegate.swift */; };
		31ED37AA23F7E3DF008144D8 /* SceneDelegate.swift in Sources */ = {isa = PBXBuildFile; fileRef = 31ED37A923F7E3DF008144D8 /* SceneDelegate.swift */; };
		31ED37AC23F7E3DF008144D8 /* ContentView.swift in Sources */ = {isa = PBXBuildFile; fileRef = 31ED37AB23F7E3DF008144D8 /* ContentView.swift */; };
		31ED37AE23F7E3E0008144D8 /* Assets.xcassets in Resources */ = {isa = PBXBuildFile; fileRef = 31ED37AD23F7E3E0008144D8 /* Assets.xcassets */; };
		31ED37B123F7E3E0008144D8 /* Preview Assets.xcassets in Resources */ = {isa = PBXBuildFile; fileRef = 31ED37B023F7E3E0008144D8 /* Preview Assets.xcassets */; };
		31ED37B423F7E3E0008144D8 /* LaunchScreen.storyboard in Resources */ = {isa = PBXBuildFile; fileRef = 31ED37B223F7E3E0008144D8 /* LaunchScreen.storyboard */; };
		C260F96723F7EDCA00497613 /* Home.swift in Sources */ = {isa = PBXBuildFile; fileRef = C260F96623F7EDCA00497613 /* Home.swift */; };
/* End PBXBuildFile section */

/* Begin PBXFileReference section */
		31ED37A423F7E3DF008144D8 /* TreeHacks.app */ = {isa = PBXFileReference; explicitFileType = wrapper.application; includeInIndex = 0; path = TreeHacks.app; sourceTree = BUILT_PRODUCTS_DIR; };
		31ED37A723F7E3DF008144D8 /* AppDelegate.swift */ = {isa = PBXFileReference; lastKnownFileType = sourcecode.swift; path = AppDelegate.swift; sourceTree = "<group>"; };
		31ED37A923F7E3DF008144D8 /* SceneDelegate.swift */ = {isa = PBXFileReference; lastKnownFileType = sourcecode.swift; path = SceneDelegate.swift; sourceTree = "<group>"; };
		31ED37AB23F7E3DF008144D8 /* ContentView.swift */ = {isa = PBXFileReference; lastKnownFileType = sourcecode.swift; path = ContentView.swift; sourceTree = "<group>"; };
		31ED37AD23F7E3E0008144D8 /* Assets.xcassets */ = {isa = PBXFileReference; lastKnownFileType = folder.assetcatalog; path = Assets.xcassets; sourceTree = "<group>"; };
		31ED37B023F7E3E0008144D8 /* Preview Assets.xcassets */ = {isa = PBXFileReference; lastKnownFileType = folder.assetcatalog; path = "Preview Assets.xcassets"; sourceTree = "<group>"; };
		31ED37B323F7E3E0008144D8 /* Base */ = {isa = PBXFileReference; lastKnownFileType = file.storyboard; name = Base; path = Base.lproj/LaunchScreen.storyboard; sourceTree = "<group>"; };
		31ED37B523F7E3E0008144D8 /* Info.plist */ = {isa = PBXFileReference; lastKnownFileType = text.plist.xml; path = Info.plist; sourceTree = "<group>"; };
		C260F96623F7EDCA00497613 /* Home.swift */ = {isa = PBXFileReference; lastKnownFileType = sourcecode.swift; path = Home.swift; sourceTree = "<group>"; };
/* End PBXFileReference section */

/* Begin PBXFrameworksBuildPhase section */
		31ED37A123F7E3DF008144D8 /* Frameworks */ = {
			isa = PBXFrameworksBuildPhase;
			buildActionMask = 2147483647;
			files = (
			);
			runOnlyForDeploymentPostprocessing = 0;
		};
/* End PBXFrameworksBuildPhase section */

/* Begin PBXGroup section */
		31ED379B23F7E3DF008144D8 = {
			isa = PBXGroup;
			children = (
				31ED37A623F7E3DF008144D8 /* TreeHacks */,
				31ED37A523F7E3DF008144D8 /* Products */,
			);
			sourceTree = "<group>";
		};
		31ED37A523F7E3DF008144D8 /* Products */ = {
			isa = PBXGroup;
			children = (
				31ED37A423F7E3DF008144D8 /* TreeHacks.app */,
			);
			name = Products;
			sourceTree = "<group>";
		};
		31ED37A623F7E3DF008144D8 /* TreeHacks */ = {
			isa = PBXGroup;
			children = (
				31ED37A723F7E3DF008144D8 /* AppDelegate.swift */,
				31ED37A923F7E3DF008144D8 /* SceneDelegate.swift */,
				31ED37AB23F7E3DF008144D8 /* ContentView.swift */,
				C260F96623F7EDCA00497613 /* Home.swift */,
				31ED37AD23F7E3E0008144D8 /* Assets.xcassets */,
				31ED37B223F7E3E0008144D8 /* LaunchScreen.storyboard */,
				31ED37B523F7E3E0008144D8 /* Info.plist */,
				31ED37AF23F7E3E0008144D8 /* Preview Content */,
			);
			path = TreeHacks;
			sourceTree = "<group>";
		};
		31ED37AF23F7E3E0008144D8 /* Preview Content */ = {
			isa = PBXGroup;
			children = (
				31ED37B023F7E3E0008144D8 /* Preview Assets.xcassets */,
			);
			path = "Preview Content";
			sourceTree = "<group>";
		};
/* End PBXGroup section */

/* Begin PBXNativeTarget section */
		31ED37A323F7E3DF008144D8 /* TreeHacks */ = {
			isa = PBXNativeTarget;
			buildConfigurationList = 31ED37B823F7E3E0008144D8 /* Build configuration list for PBXNativeTarget "TreeHacks" */;
			buildPhases = (
				31ED37A023F7E3DF008144D8 /* Sources */,
				31ED37A123F7E3DF008144D8 /* Frameworks */,
				31ED37A223F7E3DF008144D8 /* Resources */,
			);
			buildRules = (
			);
			dependencies = (
			);
			name = TreeHacks;
			productName = TreeHacks;
			productReference = 31ED37A423F7E3DF008144D8 /* TreeHacks.app */;
			productType = "com.apple.product-type.application";
		};
/* End PBXNativeTarget section */

/* Begin PBXProject section */
		31ED379C23F7E3DF008144D8 /* Project object */ = {
			isa = PBXProject;
			attributes = {
				LastSwiftUpdateCheck = 1130;
				LastUpgradeCheck = 1130;
				ORGANIZATIONNAME = "Sai Gurrapu";
				TargetAttributes = {
					31ED37A323F7E3DF008144D8 = {
						CreatedOnToolsVersion = 11.3.1;
					};
				};
			};
			buildConfigurationList = 31ED379F23F7E3DF008144D8 /* Build configuration list for PBXProject "TreeHacks" */;
			compatibilityVersion = "Xcode 9.3";
			developmentRegion = en;
			hasScannedForEncodings = 0;
			knownRegions = (
				en,
				Base,
			);
			mainGroup = 31ED379B23F7E3DF008144D8;
			productRefGroup = 31ED37A523F7E3DF008144D8 /* Products */;
			projectDirPath = "";
			projectRoot = "";
			targets = (
				31ED37A323F7E3DF008144D8 /* TreeHacks */,
			);
		};
/* End PBXProject section */

/* Begin PBXResourcesBuildPhase section */
		31ED37A223F7E3DF008144D8 /* Resources */ = {
			isa = PBXResourcesBuildPhase;
			buildActionMask = 2147483647;
			files = (
				31ED37B423F7E3E0008144D8 /* LaunchScreen.storyboard in Resources */,
				31ED37B123F7E3E0008144D8 /* Preview Assets.xcassets in Resources */,
				31ED37AE23F7E3E0008144D8 /* Assets.xcassets in Resources */,
			);
			runOnlyForDeploymentPostprocessing = 0;
		};
/* End PBXResourcesBuildPhase section */

/* Begin PBXSourcesBuildPhase section */
		31ED37A023F7E3DF008144D8 /* Sources */ = {
			isa = PBXSourcesBuildPhase;
			buildActionMask = 2147483647;
			files = (
				31ED37A823F7E3DF008144D8 /* AppDelegate.swift in Sources */,
				31ED37AA23F7E3DF008144D8 /* SceneDelegate.swift in Sources */,
				C260F96723F7EDCA00497613 /* Home.swift in Sources */,
				31ED37AC23F7E3DF008144D8 /* ContentView.swift in Sources */,
			);
			runOnlyForDeploymentPostprocessing = 0;
		};
/* End PBXSourcesBuildPhase section */

/* Begin PBXVariantGroup section */
		31ED37B223F7E3E0008144D8 /* LaunchScreen.storyboard */ = {
			isa = PBXVariantGroup;
			children = (
				31ED37B323F7E3E0008144D8 /* Base */,
			);
			name = LaunchScreen.storyboard;
			sourceTree = "<group>";
		};
/* End PBXVariantGroup section */

/* Begin XCBuildConfiguration section */
		31ED37B623F7E3E0008144D8 /* Debug */ = {
			isa = XCBuildConfiguration;
			buildSettings = {
				ALWAYS_SEARCH_USER_PATHS = NO;
				CLANG_ANALYZER_NONNULL = YES;
				CLANG_ANALYZER_NUMBER_OBJECT_CONVERSION = YES_AGGRESSIVE;
				CLANG_CXX_LANGUAGE_STANDARD = "gnu++14";
				CLANG_CXX_LIBRARY = "libc++";
				CLANG_ENABLE_MODULES = YES;
				CLANG_ENABLE_OBJC_ARC = YES;
				CLANG_ENABLE_OBJC_WEAK = YES;
				CLANG_WARN_BLOCK_CAPTURE_AUTORELEASING = YES;
				CLANG_WARN_BOOL_CONVERSION = YES;
				CLANG_WARN_COMMA = YES;
				CLANG_WARN_CONSTANT_CONVERSION = YES;
				CLANG_WARN_DEPRECATED_OBJC_IMPLEMENTATIONS = YES;
				CLANG_WARN_DIRECT_OBJC_ISA_USAGE = YES_ERROR;
				CLANG_WARN_DOCUMENTATION_COMMENTS = YES;
				CLANG_WARN_EMPTY_BODY = YES;
				CLANG_WARN_ENUM_CONVERSION = YES;
				CLANG_WARN_INFINITE_RECURSION = YES;
				CLANG_WARN_INT_CONVERSION = YES;
				CLANG_WARN_NON_LITERAL_NULL_CONVERSION = YES;
				CLANG_WARN_OBJC_IMPLICIT_RETAIN_SELF = YES;
				CLANG_WARN_OBJC_LITERAL_CONVERSION = YES;
				CLANG_WARN_OBJC_ROOT_CLASS = YES_ERROR;
				CLANG_WARN_RANGE_LOOP_ANALYSIS = YES;
				CLANG_WARN_STRICT_PROTOTYPES = YES;
				CLANG_WARN_SUSPICIOUS_MOVE = YES;
				CLANG_WARN_UNGUARDED_AVAILABILITY = YES_AGGRESSIVE;
				CLANG_WARN_UNREACHABLE_CODE = YES;
				CLANG_WARN__DUPLICATE_METHOD_MATCH = YES;
				COPY_PHASE_STRIP = NO;
				DEBUG_INFORMATION_FORMAT = dwarf;
				ENABLE_STRICT_OBJC_MSGSEND = YES;
				ENABLE_TESTABILITY = YES;
				GCC_C_LANGUAGE_STANDARD = gnu11;
				GCC_DYNAMIC_NO_PIC = NO;
				GCC_NO_COMMON_BLOCKS = YES;
				GCC_OPTIMIZATION_LEVEL = 0;
				GCC_PREPROCESSOR_DEFINITIONS = (
					"DEBUG=1",
					"$(inherited)",
				);
				GCC_WARN_64_TO_32_BIT_CONVERSION = YES;
				GCC_WARN_ABOUT_RETURN_TYPE = YES_ERROR;
				GCC_WARN_UNDECLARED_SELECTOR = YES;
				GCC_WARN_UNINITIALIZED_AUTOS = YES_AGGRESSIVE;
				GCC_WARN_UNUSED_FUNCTION = YES;
				GCC_WARN_UNUSED_VARIABLE = YES;
				IPHONEOS_DEPLOYMENT_TARGET = 13.2;
				MTL_ENABLE_DEBUG_INFO = INCLUDE_SOURCE;
				MTL_FAST_MATH = YES;
				ONLY_ACTIVE_ARCH = YES;
				SDKROOT = iphoneos;
				SWIFT_ACTIVE_COMPILATION_CONDITIONS = DEBUG;
				SWIFT_OPTIMIZATION_LEVEL = "-Onone";
			};
			name = Debug;
		};
		31ED37B723F7E3E0008144D8 /* Release */ = {
			isa = XCBuildConfiguration;
			buildSettings = {
				ALWAYS_SEARCH_USER_PATHS = NO;
				CLANG_ANALYZER_NONNULL = YES;
				CLANG_ANALYZER_NUMBER_OBJECT_CONVERSION = YES_AGGRESSIVE;
				CLANG_CXX_LANGUAGE_STANDARD = "gnu++14";
				CLANG_CXX_LIBRARY = "libc++";
				CLANG_ENABLE_MODULES = YES;
				CLANG_ENABLE_OBJC_ARC = YES;
				CLANG_ENABLE_OBJC_WEAK = YES;
				CLANG_WARN_BLOCK_CAPTURE_AUTORELEASING = YES;
				CLANG_WARN_BOOL_CONVERSION = YES;
				CLANG_WARN_COMMA = YES;
				CLANG_WARN_CONSTANT_CONVERSION = YES;
				CLANG_WARN_DEPRECATED_OBJC_IMPLEMENTATIONS = YES;
				CLANG_WARN_DIRECT_OBJC_ISA_USAGE = YES_ERROR;
				CLANG_WARN_DOCUMENTATION_COMMENTS = YES;
				CLANG_WARN_EMPTY_BODY = YES;
				CLANG_WARN_ENUM_CONVERSION = YES;
				CLANG_WARN_INFINITE_RECURSION = YES;
				CLANG_WARN_INT_CONVERSION = YES;
				CLANG_WARN_NON_LITERAL_NULL_CONVERSION = YES;
				CLANG_WARN_OBJC_IMPLICIT_RETAIN_SELF = YES;
				CLANG_WARN_OBJC_LITERAL_CONVERSION = YES;
				CLANG_WARN_OBJC_ROOT_CLASS = YES_ERROR;
				CLANG_WARN_RANGE_LOOP_ANALYSIS = YES;
				CLANG_WARN_STRICT_PROTOTYPES = YES;
				CLANG_WARN_SUSPICIOUS_MOVE = YES;
				CLANG_WARN_UNGUARDED_AVAILABILITY = YES_AGGRESSIVE;
				CLANG_WARN_UNREACHABLE_CODE = YES;
				CLANG_WARN__DUPLICATE_METHOD_MATCH = YES;
				COPY_PHASE_STRIP = NO;
				DEBUG_INFORMATION_FORMAT = "dwarf-with-dsym";
				ENABLE_NS_ASSERTIONS = NO;
				ENABLE_STRICT_OBJC_MSGSEND = YES;
				GCC_C_LANGUAGE_STANDARD = gnu11;
				GCC_NO_COMMON_BLOCKS = YES;
				GCC_WARN_64_TO_32_BIT_CONVERSION = YES;
				GCC_WARN_ABOUT_RETURN_TYPE = YES_ERROR;
				GCC_WARN_UNDECLARED_SELECTOR = YES;
				GCC_WARN_UNINITIALIZED_AUTOS = YES_AGGRESSIVE;
				GCC_WARN_UNUSED_FUNCTION = YES;
				GCC_WARN_UNUSED_VARIABLE = YES;
				IPHONEOS_DEPLOYMENT_TARGET = 13.2;
				MTL_ENABLE_DEBUG_INFO = NO;
				MTL_FAST_MATH = YES;
				SDKROOT = iphoneos;
				SWIFT_COMPILATION_MODE = wholemodule;
				SWIFT_OPTIMIZATION_LEVEL = "-O";
				VALIDATE_PRODUCT = YES;
			};
			name = Release;
		};
		31ED37B923F7E3E0008144D8 /* Debug */ = {
			isa = XCBuildConfiguration;
			buildSettings = {
				ASSETCATALOG_COMPILER_APPICON_NAME = AppIcon;
				CODE_SIGN_STYLE = Automatic;
				DEVELOPMENT_ASSET_PATHS = "\"TreeHacks/Preview Content\"";
				DEVELOPMENT_TEAM = H93XLMXW8P;
				ENABLE_PREVIEWS = YES;
				INFOPLIST_FILE = TreeHacks/Info.plist;
				LD_RUNPATH_SEARCH_PATHS = (
					"$(inherited)",
					"@executable_path/Frameworks",
				);
				PRODUCT_BUNDLE_IDENTIFIER = com.saigurrapu.TreeHacks;
				PRODUCT_NAME = "$(TARGET_NAME)";
				SWIFT_VERSION = 5.0;
				TARGETED_DEVICE_FAMILY = "1,2";
			};
			name = Debug;
		};
		31ED37BA23F7E3E0008144D8 /* Release */ = {
			isa = XCBuildConfiguration;
			buildSettings = {
				ASSETCATALOG_COMPILER_APPICON_NAME = AppIcon;
				CODE_SIGN_STYLE = Automatic;
				DEVELOPMENT_ASSET_PATHS = "\"TreeHacks/Preview Content\"";
				DEVELOPMENT_TEAM = H93XLMXW8P;
				ENABLE_PREVIEWS = YES;
				INFOPLIST_FILE = TreeHacks/Info.plist;
				LD_RUNPATH_SEARCH_PATHS = (
					"$(inherited)",
					"@executable_path/Frameworks",
				);
				PRODUCT_BUNDLE_IDENTIFIER = com.saigurrapu.TreeHacks;
				PRODUCT_NAME = "$(TARGET_NAME)";
				SWIFT_VERSION = 5.0;
				TARGETED_DEVICE_FAMILY = "1,2";
			};
			name = Release;
		};
/* End XCBuildConfiguration section */

/* Begin XCConfigurationList section */
		31ED379F23F7E3DF008144D8 /* Build configuration list for PBXProject "TreeHacks" */ = {
			isa = XCConfigurationList;
			buildConfigurations = (
				31ED37B623F7E3E0008144D8 /* Debug */,
				31ED37B723F7E3E0008144D8 /* Release */,
			);
			defaultConfigurationIsVisible = 0;
			defaultConfigurationName = Release;
		};
		31ED37B823F7E3E0008144D8 /* Build configuration list for PBXNativeTarget "TreeHacks" */ = {
			isa = XCConfigurationList;
			buildConfigurations = (
				31ED37B923F7E3E0008144D8 /* Debug */,
				31ED37BA23F7E3E0008144D8 /* Release */,
			);
			defaultConfigurationIsVisible = 0;
			defaultConfigurationName = Release;
		};
/* End XCConfigurationList section */
	};
	rootObject = 31ED379C23F7E3DF008144D8 /* Project object */;
}
